// !$*UTF8*$!
{
	archiveVersion = 1;
	classes = {
	};
	objectVersion = 50;
	objects = {

/* Begin PBXBuildFile section */
		3E0A57D0245F866C000241B4 /* AppDelegate.swift in Sources */ = {isa = PBXBuildFile; fileRef = 3E0A57CF245F866C000241B4 /* AppDelegate.swift */; };
		3E0A57D2245F866C000241B4 /* SceneDelegate.swift in Sources */ = {isa = PBXBuildFile; fileRef = 3E0A57D1245F866C000241B4 /* SceneDelegate.swift */; };
		3E0A57D4245F866C000241B4 /* ViewController.swift in Sources */ = {isa = PBXBuildFile; fileRef = 3E0A57D3245F866C000241B4 /* ViewController.swift */; };
		3E0A57D7245F866C000241B4 /* Main.storyboard in Resources */ = {isa = PBXBuildFile; fileRef = 3E0A57D5245F866C000241B4 /* Main.storyboard */; };
		3E0A57D9245F866E000241B4 /* Assets.xcassets in Resources */ = {isa = PBXBuildFile; fileRef = 3E0A57D8245F866E000241B4 /* Assets.xcassets */; };
		3E0A57DC245F866E000241B4 /* LaunchScreen.storyboard in Resources */ = {isa = PBXBuildFile; fileRef = 3E0A57DA245F866E000241B4 /* LaunchScreen.storyboard */; };
		3E0AFAE5245F8C4600CF644F /* SignUpViewController.swift in Sources */ = {isa = PBXBuildFile; fileRef = 3E0AFAE4245F8C4600CF644F /* SignUpViewController.swift */; };
		3E0AFAE7245F8C6A00CF644F /* LoginViewController.swift in Sources */ = {isa = PBXBuildFile; fileRef = 3E0AFAE6245F8C6A00CF644F /* LoginViewController.swift */; };
		3E0AFAE9245F8C8000CF644F /* HomeViewController.swift in Sources */ = {isa = PBXBuildFile; fileRef = 3E0AFAE8245F8C8000CF644F /* HomeViewController.swift */; };
		3EBDB340245F9C5D00B63510 /* Constants.swift in Sources */ = {isa = PBXBuildFile; fileRef = 3EBDB33E245F9C5D00B63510 /* Constants.swift */; };
		3EBDB341245F9C5D00B63510 /* Utilities.swift in Sources */ = {isa = PBXBuildFile; fileRef = 3EBDB33F245F9C5D00B63510 /* Utilities.swift */; };
		3EBDB344245F9DDD00B63510 /* logo-dlga-ETSII.png in Resources */ = {isa = PBXBuildFile; fileRef = 3EBDB343245F9DDD00B63510 /* logo-dlga-ETSII.png */; };
/* End PBXBuildFile section */

/* Begin PBXFileReference section */
		3E0A57CC245F866C000241B4 /* permutapp.app */ = {isa = PBXFileReference; explicitFileType = wrapper.application; includeInIndex = 0; path = permutapp.app; sourceTree = BUILT_PRODUCTS_DIR; };
		3E0A57CF245F866C000241B4 /* AppDelegate.swift */ = {isa = PBXFileReference; lastKnownFileType = sourcecode.swift; path = AppDelegate.swift; sourceTree = "<group>"; };
		3E0A57D1245F866C000241B4 /* SceneDelegate.swift */ = {isa = PBXFileReference; lastKnownFileType = sourcecode.swift; path = SceneDelegate.swift; sourceTree = "<group>"; };
		3E0A57D3245F866C000241B4 /* ViewController.swift */ = {isa = PBXFileReference; lastKnownFileType = sourcecode.swift; path = ViewController.swift; sourceTree = "<group>"; };
		3E0A57D6245F866C000241B4 /* Base */ = {isa = PBXFileReference; lastKnownFileType = file.storyboard; name = Base; path = Base.lproj/Main.storyboard; sourceTree = "<group>"; };
		3E0A57D8245F866E000241B4 /* Assets.xcassets */ = {isa = PBXFileReference; lastKnownFileType = folder.assetcatalog; path = Assets.xcassets; sourceTree = "<group>"; };
		3E0A57DB245F866E000241B4 /* Base */ = {isa = PBXFileReference; lastKnownFileType = file.storyboard; name = Base; path = Base.lproj/LaunchScreen.storyboard; sourceTree = "<group>"; };
		3E0A57DD245F866E000241B4 /* Info.plist */ = {isa = PBXFileReference; lastKnownFileType = text.plist.xml; path = Info.plist; sourceTree = "<group>"; };
		3E0AFAE4245F8C4600CF644F /* SignUpViewController.swift */ = {isa = PBXFileReference; lastKnownFileType = sourcecode.swift; path = SignUpViewController.swift; sourceTree = "<group>"; };
		3E0AFAE6245F8C6A00CF644F /* LoginViewController.swift */ = {isa = PBXFileReference; lastKnownFileType = sourcecode.swift; path = LoginViewController.swift; sourceTree = "<group>"; };
		3E0AFAE8245F8C8000CF644F /* HomeViewController.swift */ = {isa = PBXFileReference; lastKnownFileType = sourcecode.swift; path = HomeViewController.swift; sourceTree = "<group>"; };
		3EBDB33E245F9C5D00B63510 /* Constants.swift */ = {isa = PBXFileReference; fileEncoding = 4; lastKnownFileType = sourcecode.swift; path = Constants.swift; sourceTree = "<group>"; };
		3EBDB33F245F9C5D00B63510 /* Utilities.swift */ = {isa = PBXFileReference; fileEncoding = 4; lastKnownFileType = sourcecode.swift; path = Utilities.swift; sourceTree = "<group>"; };
		3EBDB343245F9DDD00B63510 /* logo-dlga-ETSII.png */ = {isa = PBXFileReference; lastKnownFileType = image.png; path = "logo-dlga-ETSII.png"; sourceTree = "<group>"; };
/* End PBXFileReference section */

/* Begin PBXFrameworksBuildPhase section */
		3E0A57C9245F866C000241B4 /* Frameworks */ = {
			isa = PBXFrameworksBuildPhase;
			buildActionMask = 2147483647;
			files = (
			);
			runOnlyForDeploymentPostprocessing = 0;
		};
/* End PBXFrameworksBuildPhase section */

/* Begin PBXGroup section */
		3E0A57C3245F866C000241B4 = {
			isa = PBXGroup;
			children = (
				3E0A57CE245F866C000241B4 /* permutapp */,
				3E0A57CD245F866C000241B4 /* Products */,
			);
			sourceTree = "<group>";
		};
		3E0A57CD245F866C000241B4 /* Products */ = {
			isa = PBXGroup;
			children = (
				3E0A57CC245F866C000241B4 /* permutapp.app */,
			);
			name = Products;
			sourceTree = "<group>";
		};
		3E0A57CE245F866C000241B4 /* permutapp */ = {
			isa = PBXGroup;
			children = (
				3EBDB342245F9DC500B63510 /* Media */,
				3EBDB33D245F9C2800B63510 /* Helpers */,
				3E0A57CF245F866C000241B4 /* AppDelegate.swift */,
				3E0A57D1245F866C000241B4 /* SceneDelegate.swift */,
				3E0AFAEA245F8C8E00CF644F /* ViewControllers */,
				3E0A57D5245F866C000241B4 /* Main.storyboard */,
				3E0A57D8245F866E000241B4 /* Assets.xcassets */,
				3E0A57DA245F866E000241B4 /* LaunchScreen.storyboard */,
				3E0A57DD245F866E000241B4 /* Info.plist */,
			);
			path = permutapp;
			sourceTree = "<group>";
		};
		3E0AFAEA245F8C8E00CF644F /* ViewControllers */ = {
			isa = PBXGroup;
			children = (
				3E0A57D3245F866C000241B4 /* ViewController.swift */,
				3E0AFAE4245F8C4600CF644F /* SignUpViewController.swift */,
				3E0AFAE6245F8C6A00CF644F /* LoginViewController.swift */,
				3E0AFAE8245F8C8000CF644F /* HomeViewController.swift */,
			);
			path = ViewControllers;
			sourceTree = "<group>";
		};
		3EBDB33D245F9C2800B63510 /* Helpers */ = {
			isa = PBXGroup;
			children = (
				3EBDB33E245F9C5D00B63510 /* Constants.swift */,
				3EBDB33F245F9C5D00B63510 /* Utilities.swift */,
			);
			path = Helpers;
			sourceTree = "<group>";
		};
		3EBDB342245F9DC500B63510 /* Media */ = {
			isa = PBXGroup;
			children = (
				3EBDB343245F9DDD00B63510 /* logo-dlga-ETSII.png */,
			);
			path = Media;
			sourceTree = "<group>";
		};
/* End PBXGroup section */

/* Begin PBXNativeTarget section */
		3E0A57CB245F866C000241B4 /* permutapp */ = {
			isa = PBXNativeTarget;
			buildConfigurationList = 3E0A57E0245F866E000241B4 /* Build configuration list for PBXNativeTarget "permutapp" */;
			buildPhases = (
				3E0A57C8245F866C000241B4 /* Sources */,
				3E0A57C9245F866C000241B4 /* Frameworks */,
				3E0A57CA245F866C000241B4 /* Resources */,
			);
			buildRules = (
			);
			dependencies = (
			);
			name = permutapp;
			productName = permutapp;
			productReference = 3E0A57CC245F866C000241B4 /* permutapp.app */;
			productType = "com.apple.product-type.application";
		};
/* End PBXNativeTarget section */

/* Begin PBXProject section */
		3E0A57C4245F866C000241B4 /* Project object */ = {
			isa = PBXProject;
			attributes = {
				LastSwiftUpdateCheck = 1140;
				LastUpgradeCheck = 1140;
				ORGANIZATIONNAME = DlgaETSII;
				TargetAttributes = {
					3E0A57CB245F866C000241B4 = {
						CreatedOnToolsVersion = 11.4.1;
					};
				};
			};
			buildConfigurationList = 3E0A57C7245F866C000241B4 /* Build configuration list for PBXProject "permutapp" */;
			compatibilityVersion = "Xcode 9.3";
			developmentRegion = en;
			hasScannedForEncodings = 0;
			knownRegions = (
				en,
				Base,
			);
			mainGroup = 3E0A57C3245F866C000241B4;
			productRefGroup = 3E0A57CD245F866C000241B4 /* Products */;
			projectDirPath = "";
			projectRoot = "";
			targets = (
				3E0A57CB245F866C000241B4 /* permutapp */,
			);
		};
/* End PBXProject section */

/* Begin PBXResourcesBuildPhase section */
		3E0A57CA245F866C000241B4 /* Resources */ = {
			isa = PBXResourcesBuildPhase;
			buildActionMask = 2147483647;
			files = (
				3E0A57DC245F866E000241B4 /* LaunchScreen.storyboard in Resources */,
				3E0A57D9245F866E000241B4 /* Assets.xcassets in Resources */,
				3E0A57D7245F866C000241B4 /* Main.storyboard in Resources */,
				3EBDB344245F9DDD00B63510 /* logo-dlga-ETSII.png in Resources */,
			);
			runOnlyForDeploymentPostprocessing = 0;
		};
/* End PBXResourcesBuildPhase section */

/* Begin PBXSourcesBuildPhase section */
		3E0A57C8245F866C000241B4 /* Sources */ = {
			isa = PBXSourcesBuildPhase;
			buildActionMask = 2147483647;
			files = (
				3E0A57D4245F866C000241B4 /* ViewController.swift in Sources */,
				3E0A57D0245F866C000241B4 /* AppDelegate.swift in Sources */,
				3E0AFAE5245F8C4600CF644F /* SignUpViewController.swift in Sources */,
				3E0AFAE7245F8C6A00CF644F /* LoginViewController.swift in Sources */,
				3EBDB340245F9C5D00B63510 /* Constants.swift in Sources */,
				3E0A57D2245F866C000241B4 /* SceneDelegate.swift in Sources */,
				3EBDB341245F9C5D00B63510 /* Utilities.swift in Sources */,
				3E0AFAE9245F8C8000CF644F /* HomeViewController.swift in Sources */,
			);
			runOnlyForDeploymentPostprocessing = 0;
		};
/* End PBXSourcesBuildPhase section */

/* Begin PBXVariantGroup section */
		3E0A57D5245F866C000241B4 /* Main.storyboard */ = {
			isa = PBXVariantGroup;
			children = (
				3E0A57D6245F866C000241B4 /* Base */,
			);
			name = Main.storyboard;
			sourceTree = "<group>";
		};
		3E0A57DA245F866E000241B4 /* LaunchScreen.storyboard */ = {
			isa = PBXVariantGroup;
			children = (
				3E0A57DB245F866E000241B4 /* Base */,
			);
			name = LaunchScreen.storyboard;
			sourceTree = "<group>";
		};
/* End PBXVariantGroup section */

/* Begin XCBuildConfiguration section */
		3E0A57DE245F866E000241B4 /* Debug */ = {
			isa = XCBuildConfiguration;
			buildSettings = {
				ALWAYS_SEARCH_USER_PATHS = NO;
				CLANG_ANALYZER_NONNULL = YES;
				CLANG_ANALYZER_NUMBER_OBJECT_CONVERSION = YES_AGGRESSIVE;
				CLANG_CXX_LANGUAGE_STANDARD = "gnu++14";
				CLANG_CXX_LIBRARY = "libc++";
				CLANG_ENABLE_MODULES = YES;
				CLANG_ENABLE_OBJC_ARC = YES;
				CLANG_ENABLE_OBJC_WEAK = YES;
				CLANG_WARN_BLOCK_CAPTURE_AUTORELEASING = YES;
				CLANG_WARN_BOOL_CONVERSION = YES;
				CLANG_WARN_COMMA = YES;
				CLANG_WARN_CONSTANT_CONVERSION = YES;
				CLANG_WARN_DEPRECATED_OBJC_IMPLEMENTATIONS = YES;
				CLANG_WARN_DIRECT_OBJC_ISA_USAGE = YES_ERROR;
				CLANG_WARN_DOCUMENTATION_COMMENTS = YES;
				CLANG_WARN_EMPTY_BODY = YES;
				CLANG_WARN_ENUM_CONVERSION = YES;
				CLANG_WARN_INFINITE_RECURSION = YES;
				CLANG_WARN_INT_CONVERSION = YES;
				CLANG_WARN_NON_LITERAL_NULL_CONVERSION = YES;
				CLANG_WARN_OBJC_IMPLICIT_RETAIN_SELF = YES;
				CLANG_WARN_OBJC_LITERAL_CONVERSION = YES;
				CLANG_WARN_OBJC_ROOT_CLASS = YES_ERROR;
				CLANG_WARN_RANGE_LOOP_ANALYSIS = YES;
				CLANG_WARN_STRICT_PROTOTYPES = YES;
				CLANG_WARN_SUSPICIOUS_MOVE = YES;
				CLANG_WARN_UNGUARDED_AVAILABILITY = YES_AGGRESSIVE;
				CLANG_WARN_UNREACHABLE_CODE = YES;
				CLANG_WARN__DUPLICATE_METHOD_MATCH = YES;
				COPY_PHASE_STRIP = NO;
				DEBUG_INFORMATION_FORMAT = dwarf;
				ENABLE_STRICT_OBJC_MSGSEND = YES;
				ENABLE_TESTABILITY = YES;
				GCC_C_LANGUAGE_STANDARD = gnu11;
				GCC_DYNAMIC_NO_PIC = NO;
				GCC_NO_COMMON_BLOCKS = YES;
				GCC_OPTIMIZATION_LEVEL = 0;
				GCC_PREPROCESSOR_DEFINITIONS = (
					"DEBUG=1",
					"$(inherited)",
				);
				GCC_WARN_64_TO_32_BIT_CONVERSION = YES;
				GCC_WARN_ABOUT_RETURN_TYPE = YES_ERROR;
				GCC_WARN_UNDECLARED_SELECTOR = YES;
				GCC_WARN_UNINITIALIZED_AUTOS = YES_AGGRESSIVE;
				GCC_WARN_UNUSED_FUNCTION = YES;
				GCC_WARN_UNUSED_VARIABLE = YES;
				IPHONEOS_DEPLOYMENT_TARGET = 13.4;
				MTL_ENABLE_DEBUG_INFO = INCLUDE_SOURCE;
				MTL_FAST_MATH = YES;
				ONLY_ACTIVE_ARCH = YES;
				SDKROOT = iphoneos;
				SWIFT_ACTIVE_COMPILATION_CONDITIONS = DEBUG;
				SWIFT_OPTIMIZATION_LEVEL = "-Onone";
			};
			name = Debug;
		};
		3E0A57DF245F866E000241B4 /* Release */ = {
			isa = XCBuildConfiguration;
			buildSettings = {
				ALWAYS_SEARCH_USER_PATHS = NO;
				CLANG_ANALYZER_NONNULL = YES;
				CLANG_ANALYZER_NUMBER_OBJECT_CONVERSION = YES_AGGRESSIVE;
				CLANG_CXX_LANGUAGE_STANDARD = "gnu++14";
				CLANG_CXX_LIBRARY = "libc++";
				CLANG_ENABLE_MODULES = YES;
				CLANG_ENABLE_OBJC_ARC = YES;
				CLANG_ENABLE_OBJC_WEAK = YES;
				CLANG_WARN_BLOCK_CAPTURE_AUTORELEASING = YES;
				CLANG_WARN_BOOL_CONVERSION = YES;
				CLANG_WARN_COMMA = YES;
				CLANG_WARN_CONSTANT_CONVERSION = YES;
				CLANG_WARN_DEPRECATED_OBJC_IMPLEMENTATIONS = YES;
				CLANG_WARN_DIRECT_OBJC_ISA_USAGE = YES_ERROR;
				CLANG_WARN_DOCUMENTATION_COMMENTS = YES;
				CLANG_WARN_EMPTY_BODY = YES;
				CLANG_WARN_ENUM_CONVERSION = YES;
				CLANG_WARN_INFINITE_RECURSION = YES;
				CLANG_WARN_INT_CONVERSION = YES;
				CLANG_WARN_NON_LITERAL_NULL_CONVERSION = YES;
				CLANG_WARN_OBJC_IMPLICIT_RETAIN_SELF = YES;
				CLANG_WARN_OBJC_LITERAL_CONVERSION = YES;
				CLANG_WARN_OBJC_ROOT_CLASS = YES_ERROR;
				CLANG_WARN_RANGE_LOOP_ANALYSIS = YES;
				CLANG_WARN_STRICT_PROTOTYPES = YES;
				CLANG_WARN_SUSPICIOUS_MOVE = YES;
				CLANG_WARN_UNGUARDED_AVAILABILITY = YES_AGGRESSIVE;
				CLANG_WARN_UNREACHABLE_CODE = YES;
				CLANG_WARN__DUPLICATE_METHOD_MATCH = YES;
				COPY_PHASE_STRIP = NO;
				DEBUG_INFORMATION_FORMAT = "dwarf-with-dsym";
				ENABLE_NS_ASSERTIONS = NO;
				ENABLE_STRICT_OBJC_MSGSEND = YES;
				GCC_C_LANGUAGE_STANDARD = gnu11;
				GCC_NO_COMMON_BLOCKS = YES;
				GCC_WARN_64_TO_32_BIT_CONVERSION = YES;
				GCC_WARN_ABOUT_RETURN_TYPE = YES_ERROR;
				GCC_WARN_UNDECLARED_SELECTOR = YES;
				GCC_WARN_UNINITIALIZED_AUTOS = YES_AGGRESSIVE;
				GCC_WARN_UNUSED_FUNCTION = YES;
				GCC_WARN_UNUSED_VARIABLE = YES;
				IPHONEOS_DEPLOYMENT_TARGET = 13.4;
				MTL_ENABLE_DEBUG_INFO = NO;
				MTL_FAST_MATH = YES;
				SDKROOT = iphoneos;
				SWIFT_COMPILATION_MODE = wholemodule;
				SWIFT_OPTIMIZATION_LEVEL = "-O";
				VALIDATE_PRODUCT = YES;
			};
			name = Release;
		};
		3E0A57E1245F866E000241B4 /* Debug */ = {
			isa = XCBuildConfiguration;
			buildSettings = {
				ASSETCATALOG_COMPILER_APPICON_NAME = AppIcon;
				CODE_SIGN_STYLE = Automatic;
				DEVELOPMENT_TEAM = 955HTUZMU9;
				INFOPLIST_FILE = permutapp/Info.plist;
				LD_RUNPATH_SEARCH_PATHS = (
					"$(inherited)",
					"@executable_path/Frameworks",
				);
				PRODUCT_BUNDLE_IDENTIFIER = com.dlgaetsii.permutapp;
				PRODUCT_NAME = "$(TARGET_NAME)";
				SWIFT_VERSION = 5.0;
				TARGETED_DEVICE_FAMILY = "1,2";
			};
			name = Debug;
		};
		3E0A57E2245F866E000241B4 /* Release */ = {
			isa = XCBuildConfiguration;
			buildSettings = {
				ASSETCATALOG_COMPILER_APPICON_NAME = AppIcon;
				CODE_SIGN_STYLE = Automatic;
				DEVELOPMENT_TEAM = 955HTUZMU9;
				INFOPLIST_FILE = permutapp/Info.plist;
				LD_RUNPATH_SEARCH_PATHS = (
					"$(inherited)",
					"@executable_path/Frameworks",
				);
				PRODUCT_BUNDLE_IDENTIFIER = com.dlgaetsii.permutapp;
				PRODUCT_NAME = "$(TARGET_NAME)";
				SWIFT_VERSION = 5.0;
				TARGETED_DEVICE_FAMILY = "1,2";
			};
			name = Release;
		};
/* End XCBuildConfiguration section */

/* Begin XCConfigurationList section */
		3E0A57C7245F866C000241B4 /* Build configuration list for PBXProject "permutapp" */ = {
			isa = XCConfigurationList;
			buildConfigurations = (
				3E0A57DE245F866E000241B4 /* Debug */,
				3E0A57DF245F866E000241B4 /* Release */,
			);
			defaultConfigurationIsVisible = 0;
			defaultConfigurationName = Release;
		};
		3E0A57E0245F866E000241B4 /* Build configuration list for PBXNativeTarget "permutapp" */ = {
			isa = XCConfigurationList;
			buildConfigurations = (
				3E0A57E1245F866E000241B4 /* Debug */,
				3E0A57E2245F866E000241B4 /* Release */,
			);
			defaultConfigurationIsVisible = 0;
			defaultConfigurationName = Release;
		};
/* End XCConfigurationList section */
	};
	rootObject = 3E0A57C4245F866C000241B4 /* Project object */;
}
